
Microsoft Visual Studio Solution File, Format Version 12.00
# Visual Studio Version 17
VisualStudioVersion = 17.14.36414.22
MinimumVisualStudioVersion = 10.0.40219.1
Project("{FAE04EC0-301F-11D3-BF4B-00C04F79EFBC}") = "OyuncakKovasiWebApp", "OyuncakKovasiWebApp\OyuncakKovasiWebApp.csproj", "{6076C123-F9D3-4AD8-9A74-FAD366F0E196}"
EndProject
Project("{FAE04EC0-301F-11D3-BF4B-00C04F79EFBC}") = "VeriErisimKatmani", "VeriErisimKatmani\VeriErisimKatmani.csproj", "{4A9AD305-E568-4D74-8DE2-43DF528F7AF2}"
EndProject
Global
	GlobalSection(SolutionConfigurationPlatforms) = preSolution
		Debug|Any CPU = Debug|Any CPU
		Release|Any CPU = Release|Any CPU
	EndGlobalSection
	GlobalSection(ProjectConfigurationPlatforms) = postSolution
		{6076C123-F9D3-4AD8-9A74-FAD366F0E196}.Debug|Any CPU.ActiveCfg = Debug|Any CPU
		{6076C123-F9D3-4AD8-9A74-FAD366F0E196}.Debug|Any CPU.Build.0 = Debug|Any CPU
		{6076C123-F9D3-4AD8-9A74-FAD366F0E196}.Release|Any CPU.ActiveCfg = Release|Any CPU
		{6076C123-F9D3-4AD8-9A74-FAD366F0E196}.Release|Any CPU.Build.0 = Release|Any CPU
		{4A9AD305-E568-4D74-8DE2-43DF528F7AF2}.Debug|Any CPU.ActiveCfg = Debug|Any CPU
		{4A9AD305-E568-4D74-8DE2-43DF528F7AF2}.Debug|Any CPU.Build.0 = Debug|Any CPU
		{4A9AD305-E568-4D74-8DE2-43DF528F7AF2}.Release|Any CPU.ActiveCfg = Release|Any CPU
		{4A9AD305-E568-4D74-8DE2-43DF528F7AF2}.Release|Any CPU.Build.0 = Release|Any CPU
	EndGlobalSection
	GlobalSection(SolutionProperties) = preSolution
		HideSolutionNode = FALSE
	EndGlobalSection
	GlobalSection(ExtensibilityGlobals) = postSolution
		SolutionGuid = {D402015F-FB6E-4993-AC86-939AFF8F486B}
	EndGlobalSection
EndGlobal
